
Microsoft Visual Studio Solution File, Format Version 12.00
# Visual Studio Version 17
VisualStudioVersion = 17.4.33213.308
MinimumVisualStudioVersion = 10.0.40219.1
Project("{8BC9CEB8-8B4A-11D0-8D11-00A0C91BC942}") = "백준 문제풀이", "백준 문제풀이\백준 문제풀이.vcxproj", "{6540601A-4D61-4CAE-AD21-2629C7F73BBF}"
EndProject
Project("{8BC9CEB8-8B4A-11D0-8D11-00A0C91BC942}") = "고스택", "고스택\고스택.vcxproj", "{48D588E0-70FB-427F-8605-AAF3DD1AE65D}"
EndProject
Project("{8BC9CEB8-8B4A-11D0-8D11-00A0C91BC942}") = "탈출(3055번)", "탈출(3055번)\탈출(3055번).vcxproj", "{E51D4DA5-96F5-4BDE-9663-9DF91D7ACA5A}"
EndProject
Project("{8BC9CEB8-8B4A-11D0-8D11-00A0C91BC942}") = "가르침(1062번)", "가르침(1062번)\가르침(1062번).vcxproj", "{03BFE422-DC44-4945-8BB7-5C208ACB908A}"
EndProject
Project("{8BC9CEB8-8B4A-11D0-8D11-00A0C91BC942}") = "후보추천하기(1713번)", "후보추천하기(1713번)\후보추천하기(1713번).vcxproj", "{06BD91A2-5DA2-4DB9-ACA4-ACF862A4CD29}"
EndProject
Project("{8BC9CEB8-8B4A-11D0-8D11-00A0C91BC942}") = "수 찾기(1920번)", "수 찾기(1920번)\수 찾기(1920번).vcxproj", "{3F3C6CD9-A6EA-4625-B854-2F5CB1268395}"
EndProject
Project("{8BC9CEB8-8B4A-11D0-8D11-00A0C91BC942}") = "N-Queen (9663번)", "N-Queen (9663번)\N-Queen (9663번).vcxproj", "{70D2E440-9364-479D-A484-76E268D5294A}"
EndProject
Project("{8BC9CEB8-8B4A-11D0-8D11-00A0C91BC942}") = "암호만들기(1759번)", "암호만들기(1759번)\암호만들기(1759번).vcxproj", "{80984CB7-91E9-4DBB-AEA1-6BB9D35797A3}"
EndProject
Project("{8BC9CEB8-8B4A-11D0-8D11-00A0C91BC942}") = "스도쿠(2580번)", "스도쿠(2580번)\스도쿠(2580번).vcxproj", "{03D099BE-7857-4593-8696-7950C3E1A19D}"
EndProject
Project("{8BC9CEB8-8B4A-11D0-8D11-00A0C91BC942}") = "단어수학(1339번)", "단어수학(1339번)\단어수학(1339번).vcxproj", "{EB5B7255-6434-40E6-BB83-3612CD7640A3}"
EndProject
Project("{8BC9CEB8-8B4A-11D0-8D11-00A0C91BC942}") = "치킨배달(15686번)", "치킨배달(15686번)\치킨배달(15686번).vcxproj", "{4E9F6ACA-F605-4BE4-9959-BC5F4D349DC5}"
EndProject
Project("{8BC9CEB8-8B4A-11D0-8D11-00A0C91BC942}") = "수들의 합2(2003번)", "수들의 합2(2003번)\수들의 합2(2003번).vcxproj", "{723786CB-FEA9-4DC8-9981-85C225960453}"
EndProject
Project("{8BC9CEB8-8B4A-11D0-8D11-00A0C91BC942}") = "나무 자르기(2805번)", "나무 자르기(2805번)\나무 자르기(2805번).vcxproj", "{F9E5B291-3E16-4FBB-A971-2DB01AD8B522}"
EndProject
Project("{8BC9CEB8-8B4A-11D0-8D11-00A0C91BC942}") = "피보나치 수(2748번)", "피보나치 수(2748번)\피보나치 수(2748번).vcxproj", "{0F858453-986A-47F9-BC81-04764F5AA4A4}"
EndProject
Project("{8BC9CEB8-8B4A-11D0-8D11-00A0C91BC942}") = "부분합(1806번)", "부분합(1806번)\부분합(1806번).vcxproj", "{0CD2F282-5180-4E90-A585-2C1D5EC55039}"
EndProject
Project("{8BC9CEB8-8B4A-11D0-8D11-00A0C91BC942}") = "내려가기(2096번)", "내려가기(2096번)\내려가기(2096번).vcxproj", "{61A209B8-A61A-4EFB-81F1-860D7F2BF298}"
EndProject
Project("{8BC9CEB8-8B4A-11D0-8D11-00A0C91BC942}") = "두 배열의 합", "두 배열의 합\두 배열의 합.vcxproj", "{D8B4E494-C96F-4B1A-B3D7-2A30630FAF3A}"
EndProject
Project("{8BC9CEB8-8B4A-11D0-8D11-00A0C91BC942}") = "게임(1072번)", "게임(1072번)\게임(1072번).vcxproj", "{91BCDA72-74C2-40DE-8642-FCFE54F51BAC}"
EndProject
Project("{8BC9CEB8-8B4A-11D0-8D11-00A0C91BC942}") = "스택(10826번)", "스택(10826번)\스택(10826번).vcxproj", "{C649F5CC-F4BB-4A8A-909F-142256BAAA29}"
EndProject
Project("{8BC9CEB8-8B4A-11D0-8D11-00A0C91BC942}") = "트리순회(1991번)", "트리순회(1991번)\트리순회(1991번).vcxproj", "{7ED8602C-BB01-4BCF-90BF-129E0F15F13A}"
EndProject
Project("{8BC9CEB8-8B4A-11D0-8D11-00A0C91BC942}") = "구간의 합 구하기(2042번)", "구간의 합 구하기(2042번)\구간의 합 구하기(2042번).vcxproj", "{E6EE28F5-9DD7-4BF0-8597-0B0A0ABEAA75}"
EndProject
Project("{8BC9CEB8-8B4A-11D0-8D11-00A0C91BC942}") = "정수 삼각형", "정수 삼각형\정수 삼각형.vcxproj", "{412B14BE-6757-4C74-B64A-5248D9836D9B}"
EndProject
Project("{8BC9CEB8-8B4A-11D0-8D11-00A0C91BC942}") = "구간 합 구하기4(11659번)", "구간 합 구하기4(11659번)\구간 합 구하기4(11659번).vcxproj", "{FBA6DA54-1DA1-43B3-80CE-A27E56E7B343}"
EndProject
Project("{8BC9CEB8-8B4A-11D0-8D11-00A0C91BC942}") = "구간 합 구하기5(11660번)", "구간 합 구하기5(11660번)\구간 합 구하기5(11660번).vcxproj", "{73EF8B48-8B56-4431-952C-AFF756774113}"
EndProject
Project("{8BC9CEB8-8B4A-11D0-8D11-00A0C91BC942}") = "집합의 표현", "집합의 표현\집합의 표현.vcxproj", "{0151C3EE-9190-4C25-8415-9D49DBDA5CEE}"
EndProject
Project("{8BC9CEB8-8B4A-11D0-8D11-00A0C91BC942}") = "DFS와BFS", "DFS와BFS\DFS와BFS.vcxproj", "{F07E7D25-C595-4D4A-B380-DFBED790F87F}"
EndProject
Project("{8BC9CEB8-8B4A-11D0-8D11-00A0C91BC942}") = "설탕배달(2839번)", "설탕배달(2839번)\설탕배달(2839번).vcxproj", "{4F7E4869-7A86-40F0-AF61-5E32D1E1D36E}"
EndProject
Project("{8BC9CEB8-8B4A-11D0-8D11-00A0C91BC942}") = "ATM", "ATM\ATM.vcxproj", "{CA4C5DA3-6877-4D11-842C-D68A66EA74E0}"
EndProject
Project("{8BC9CEB8-8B4A-11D0-8D11-00A0C91BC942}") = "N과 M(1)(15649번)", "N과 M(1)(15649번)\N과 M(1)(15649번).vcxproj", "{8B32FA8D-4E58-4908-94B1-9C990974E1E5}"
EndProject
Project("{8BC9CEB8-8B4A-11D0-8D11-00A0C91BC942}") = "N과M(2)(15650번)", "N과M(2)(15650번)\N과M(2)(15650번).vcxproj", "{9BFD4ED0-CA7E-487A-BA6B-9054CC164215}"
EndProject
Project("{8BC9CEB8-8B4A-11D0-8D11-00A0C91BC942}") = "N과M(3)(15651번)", "N과M(3)(15651번)\N과M(3)(15651번).vcxproj", "{5AFC3822-7A92-4791-AA2C-A124529EB850}"
EndProject
Project("{8BC9CEB8-8B4A-11D0-8D11-00A0C91BC942}") = "N과M(4) 15652번", "N과M(4) 15652번\N과M(4) 15652번.vcxproj", "{A8DA78E9-2CA2-40BE-9F9F-37434A699949}"
EndProject
Project("{8BC9CEB8-8B4A-11D0-8D11-00A0C91BC942}") = "N과M(5) 15654번", "N과M(5) 15654번\N과M(5) 15654번.vcxproj", "{F0215A06-3F77-4E68-8F62-4545EB9EB68F}"
EndProject
Project("{8BC9CEB8-8B4A-11D0-8D11-00A0C91BC942}") = "연산자 끼워넣기(14888번)", "연산자 끼워넣기(14888번)\연산자 끼워넣기(14888번).vcxproj", "{A76E0431-E33B-494B-9818-3A42C1D0C1E7}"
EndProject
Project("{8BC9CEB8-8B4A-11D0-8D11-00A0C91BC942}") = "스타트와링크(14889번)", "스타트와링크(14889번)\스타트와링크(14889번).vcxproj", "{847AB00B-E160-4656-A43F-B7AC31FD4360}"
EndProject
Project("{8BC9CEB8-8B4A-11D0-8D11-00A0C91BC942}") = "피보나치수1(24416번)", "피보나치수1(24416번)\피보나치수1(24416번).vcxproj", "{3A3ACB0C-19E4-4A15-A64E-3CB024C4461F}"
EndProject
Project("{8BC9CEB8-8B4A-11D0-8D11-00A0C91BC942}") = "신나는함수실행(9184번)", "신나는함수실행(9184번)\신나는함수실행(9184번).vcxproj", "{F585E1B3-B744-4249-897F-00B535994A22}"
EndProject
Project("{8BC9CEB8-8B4A-11D0-8D11-00A0C91BC942}") = "01타일(1904번)", "01타일(1904번)\01타일(1904번).vcxproj", "{C797E34A-4332-4525-B259-58A6AB42EBF6}"
EndProject
Project("{8BC9CEB8-8B4A-11D0-8D11-00A0C91BC942}") = "파도반 수열(9461번)", "파도반 수열(9461번)\파도반 수열(9461번).vcxproj", "{B208E8DB-B480-445F-BDAA-B03F2252EFFA}"
EndProject
Global
	GlobalSection(SolutionConfigurationPlatforms) = preSolution
		Debug|x64 = Debug|x64
		Debug|x86 = Debug|x86
		Release|x64 = Release|x64
		Release|x86 = Release|x86
	EndGlobalSection
	GlobalSection(ProjectConfigurationPlatforms) = postSolution
		{6540601A-4D61-4CAE-AD21-2629C7F73BBF}.Debug|x64.ActiveCfg = Debug|x64
		{6540601A-4D61-4CAE-AD21-2629C7F73BBF}.Debug|x64.Build.0 = Debug|x64
		{6540601A-4D61-4CAE-AD21-2629C7F73BBF}.Debug|x86.ActiveCfg = Debug|Win32
		{6540601A-4D61-4CAE-AD21-2629C7F73BBF}.Debug|x86.Build.0 = Debug|Win32
		{6540601A-4D61-4CAE-AD21-2629C7F73BBF}.Release|x64.ActiveCfg = Release|x64
		{6540601A-4D61-4CAE-AD21-2629C7F73BBF}.Release|x64.Build.0 = Release|x64
		{6540601A-4D61-4CAE-AD21-2629C7F73BBF}.Release|x86.ActiveCfg = Release|Win32
		{6540601A-4D61-4CAE-AD21-2629C7F73BBF}.Release|x86.Build.0 = Release|Win32
		{48D588E0-70FB-427F-8605-AAF3DD1AE65D}.Debug|x64.ActiveCfg = Debug|x64
		{48D588E0-70FB-427F-8605-AAF3DD1AE65D}.Debug|x64.Build.0 = Debug|x64
		{48D588E0-70FB-427F-8605-AAF3DD1AE65D}.Debug|x86.ActiveCfg = Debug|Win32
		{48D588E0-70FB-427F-8605-AAF3DD1AE65D}.Debug|x86.Build.0 = Debug|Win32
		{48D588E0-70FB-427F-8605-AAF3DD1AE65D}.Release|x64.ActiveCfg = Release|x64
		{48D588E0-70FB-427F-8605-AAF3DD1AE65D}.Release|x64.Build.0 = Release|x64
		{48D588E0-70FB-427F-8605-AAF3DD1AE65D}.Release|x86.ActiveCfg = Release|Win32
		{48D588E0-70FB-427F-8605-AAF3DD1AE65D}.Release|x86.Build.0 = Release|Win32
		{E51D4DA5-96F5-4BDE-9663-9DF91D7ACA5A}.Debug|x64.ActiveCfg = Debug|x64
		{E51D4DA5-96F5-4BDE-9663-9DF91D7ACA5A}.Debug|x64.Build.0 = Debug|x64
		{E51D4DA5-96F5-4BDE-9663-9DF91D7ACA5A}.Debug|x86.ActiveCfg = Debug|Win32
		{E51D4DA5-96F5-4BDE-9663-9DF91D7ACA5A}.Debug|x86.Build.0 = Debug|Win32
		{E51D4DA5-96F5-4BDE-9663-9DF91D7ACA5A}.Release|x64.ActiveCfg = Release|x64
		{E51D4DA5-96F5-4BDE-9663-9DF91D7ACA5A}.Release|x64.Build.0 = Release|x64
		{E51D4DA5-96F5-4BDE-9663-9DF91D7ACA5A}.Release|x86.ActiveCfg = Release|Win32
		{E51D4DA5-96F5-4BDE-9663-9DF91D7ACA5A}.Release|x86.Build.0 = Release|Win32
		{03BFE422-DC44-4945-8BB7-5C208ACB908A}.Debug|x64.ActiveCfg = Debug|x64
		{03BFE422-DC44-4945-8BB7-5C208ACB908A}.Debug|x64.Build.0 = Debug|x64
		{03BFE422-DC44-4945-8BB7-5C208ACB908A}.Debug|x86.ActiveCfg = Debug|Win32
		{03BFE422-DC44-4945-8BB7-5C208ACB908A}.Debug|x86.Build.0 = Debug|Win32
		{03BFE422-DC44-4945-8BB7-5C208ACB908A}.Release|x64.ActiveCfg = Release|x64
		{03BFE422-DC44-4945-8BB7-5C208ACB908A}.Release|x64.Build.0 = Release|x64
		{03BFE422-DC44-4945-8BB7-5C208ACB908A}.Release|x86.ActiveCfg = Release|Win32
		{03BFE422-DC44-4945-8BB7-5C208ACB908A}.Release|x86.Build.0 = Release|Win32
		{06BD91A2-5DA2-4DB9-ACA4-ACF862A4CD29}.Debug|x64.ActiveCfg = Debug|x64
		{06BD91A2-5DA2-4DB9-ACA4-ACF862A4CD29}.Debug|x64.Build.0 = Debug|x64
		{06BD91A2-5DA2-4DB9-ACA4-ACF862A4CD29}.Debug|x86.ActiveCfg = Debug|Win32
		{06BD91A2-5DA2-4DB9-ACA4-ACF862A4CD29}.Debug|x86.Build.0 = Debug|Win32
		{06BD91A2-5DA2-4DB9-ACA4-ACF862A4CD29}.Release|x64.ActiveCfg = Release|x64
		{06BD91A2-5DA2-4DB9-ACA4-ACF862A4CD29}.Release|x64.Build.0 = Release|x64
		{06BD91A2-5DA2-4DB9-ACA4-ACF862A4CD29}.Release|x86.ActiveCfg = Release|Win32
		{06BD91A2-5DA2-4DB9-ACA4-ACF862A4CD29}.Release|x86.Build.0 = Release|Win32
		{3F3C6CD9-A6EA-4625-B854-2F5CB1268395}.Debug|x64.ActiveCfg = Debug|x64
		{3F3C6CD9-A6EA-4625-B854-2F5CB1268395}.Debug|x64.Build.0 = Debug|x64
		{3F3C6CD9-A6EA-4625-B854-2F5CB1268395}.Debug|x86.ActiveCfg = Debug|Win32
		{3F3C6CD9-A6EA-4625-B854-2F5CB1268395}.Debug|x86.Build.0 = Debug|Win32
		{3F3C6CD9-A6EA-4625-B854-2F5CB1268395}.Release|x64.ActiveCfg = Release|x64
		{3F3C6CD9-A6EA-4625-B854-2F5CB1268395}.Release|x64.Build.0 = Release|x64
		{3F3C6CD9-A6EA-4625-B854-2F5CB1268395}.Release|x86.ActiveCfg = Release|Win32
		{3F3C6CD9-A6EA-4625-B854-2F5CB1268395}.Release|x86.Build.0 = Release|Win32
		{70D2E440-9364-479D-A484-76E268D5294A}.Debug|x64.ActiveCfg = Debug|x64
		{70D2E440-9364-479D-A484-76E268D5294A}.Debug|x64.Build.0 = Debug|x64
		{70D2E440-9364-479D-A484-76E268D5294A}.Debug|x86.ActiveCfg = Debug|Win32
		{70D2E440-9364-479D-A484-76E268D5294A}.Debug|x86.Build.0 = Debug|Win32
		{70D2E440-9364-479D-A484-76E268D5294A}.Release|x64.ActiveCfg = Release|x64
		{70D2E440-9364-479D-A484-76E268D5294A}.Release|x64.Build.0 = Release|x64
		{70D2E440-9364-479D-A484-76E268D5294A}.Release|x86.ActiveCfg = Release|Win32
		{70D2E440-9364-479D-A484-76E268D5294A}.Release|x86.Build.0 = Release|Win32
		{80984CB7-91E9-4DBB-AEA1-6BB9D35797A3}.Debug|x64.ActiveCfg = Debug|x64
		{80984CB7-91E9-4DBB-AEA1-6BB9D35797A3}.Debug|x64.Build.0 = Debug|x64
		{80984CB7-91E9-4DBB-AEA1-6BB9D35797A3}.Debug|x86.ActiveCfg = Debug|Win32
		{80984CB7-91E9-4DBB-AEA1-6BB9D35797A3}.Debug|x86.Build.0 = Debug|Win32
		{80984CB7-91E9-4DBB-AEA1-6BB9D35797A3}.Release|x64.ActiveCfg = Release|x64
		{80984CB7-91E9-4DBB-AEA1-6BB9D35797A3}.Release|x64.Build.0 = Release|x64
		{80984CB7-91E9-4DBB-AEA1-6BB9D35797A3}.Release|x86.ActiveCfg = Release|Win32
		{80984CB7-91E9-4DBB-AEA1-6BB9D35797A3}.Release|x86.Build.0 = Release|Win32
		{03D099BE-7857-4593-8696-7950C3E1A19D}.Debug|x64.ActiveCfg = Debug|x64
		{03D099BE-7857-4593-8696-7950C3E1A19D}.Debug|x64.Build.0 = Debug|x64
		{03D099BE-7857-4593-8696-7950C3E1A19D}.Debug|x86.ActiveCfg = Debug|Win32
		{03D099BE-7857-4593-8696-7950C3E1A19D}.Debug|x86.Build.0 = Debug|Win32
		{03D099BE-7857-4593-8696-7950C3E1A19D}.Release|x64.ActiveCfg = Release|x64
		{03D099BE-7857-4593-8696-7950C3E1A19D}.Release|x64.Build.0 = Release|x64
		{03D099BE-7857-4593-8696-7950C3E1A19D}.Release|x86.ActiveCfg = Release|Win32
		{03D099BE-7857-4593-8696-7950C3E1A19D}.Release|x86.Build.0 = Release|Win32
		{EB5B7255-6434-40E6-BB83-3612CD7640A3}.Debug|x64.ActiveCfg = Debug|x64
		{EB5B7255-6434-40E6-BB83-3612CD7640A3}.Debug|x64.Build.0 = Debug|x64
		{EB5B7255-6434-40E6-BB83-3612CD7640A3}.Debug|x86.ActiveCfg = Debug|Win32
		{EB5B7255-6434-40E6-BB83-3612CD7640A3}.Debug|x86.Build.0 = Debug|Win32
		{EB5B7255-6434-40E6-BB83-3612CD7640A3}.Release|x64.ActiveCfg = Release|x64
		{EB5B7255-6434-40E6-BB83-3612CD7640A3}.Release|x64.Build.0 = Release|x64
		{EB5B7255-6434-40E6-BB83-3612CD7640A3}.Release|x86.ActiveCfg = Release|Win32
		{EB5B7255-6434-40E6-BB83-3612CD7640A3}.Release|x86.Build.0 = Release|Win32
		{4E9F6ACA-F605-4BE4-9959-BC5F4D349DC5}.Debug|x64.ActiveCfg = Debug|x64
		{4E9F6ACA-F605-4BE4-9959-BC5F4D349DC5}.Debug|x64.Build.0 = Debug|x64
		{4E9F6ACA-F605-4BE4-9959-BC5F4D349DC5}.Debug|x86.ActiveCfg = Debug|Win32
		{4E9F6ACA-F605-4BE4-9959-BC5F4D349DC5}.Debug|x86.Build.0 = Debug|Win32
		{4E9F6ACA-F605-4BE4-9959-BC5F4D349DC5}.Release|x64.ActiveCfg = Release|x64
		{4E9F6ACA-F605-4BE4-9959-BC5F4D349DC5}.Release|x64.Build.0 = Release|x64
		{4E9F6ACA-F605-4BE4-9959-BC5F4D349DC5}.Release|x86.ActiveCfg = Release|Win32
		{4E9F6ACA-F605-4BE4-9959-BC5F4D349DC5}.Release|x86.Build.0 = Release|Win32
		{723786CB-FEA9-4DC8-9981-85C225960453}.Debug|x64.ActiveCfg = Debug|x64
		{723786CB-FEA9-4DC8-9981-85C225960453}.Debug|x64.Build.0 = Debug|x64
		{723786CB-FEA9-4DC8-9981-85C225960453}.Debug|x86.ActiveCfg = Debug|Win32
		{723786CB-FEA9-4DC8-9981-85C225960453}.Debug|x86.Build.0 = Debug|Win32
		{723786CB-FEA9-4DC8-9981-85C225960453}.Release|x64.ActiveCfg = Release|x64
		{723786CB-FEA9-4DC8-9981-85C225960453}.Release|x64.Build.0 = Release|x64
		{723786CB-FEA9-4DC8-9981-85C225960453}.Release|x86.ActiveCfg = Release|Win32
		{723786CB-FEA9-4DC8-9981-85C225960453}.Release|x86.Build.0 = Release|Win32
		{F9E5B291-3E16-4FBB-A971-2DB01AD8B522}.Debug|x64.ActiveCfg = Debug|x64
		{F9E5B291-3E16-4FBB-A971-2DB01AD8B522}.Debug|x64.Build.0 = Debug|x64
		{F9E5B291-3E16-4FBB-A971-2DB01AD8B522}.Debug|x86.ActiveCfg = Debug|Win32
		{F9E5B291-3E16-4FBB-A971-2DB01AD8B522}.Debug|x86.Build.0 = Debug|Win32
		{F9E5B291-3E16-4FBB-A971-2DB01AD8B522}.Release|x64.ActiveCfg = Release|x64
		{F9E5B291-3E16-4FBB-A971-2DB01AD8B522}.Release|x64.Build.0 = Release|x64
		{F9E5B291-3E16-4FBB-A971-2DB01AD8B522}.Release|x86.ActiveCfg = Release|Win32
		{F9E5B291-3E16-4FBB-A971-2DB01AD8B522}.Release|x86.Build.0 = Release|Win32
		{0F858453-986A-47F9-BC81-04764F5AA4A4}.Debug|x64.ActiveCfg = Debug|x64
		{0F858453-986A-47F9-BC81-04764F5AA4A4}.Debug|x64.Build.0 = Debug|x64
		{0F858453-986A-47F9-BC81-04764F5AA4A4}.Debug|x86.ActiveCfg = Debug|Win32
		{0F858453-986A-47F9-BC81-04764F5AA4A4}.Debug|x86.Build.0 = Debug|Win32
		{0F858453-986A-47F9-BC81-04764F5AA4A4}.Release|x64.ActiveCfg = Release|x64
		{0F858453-986A-47F9-BC81-04764F5AA4A4}.Release|x64.Build.0 = Release|x64
		{0F858453-986A-47F9-BC81-04764F5AA4A4}.Release|x86.ActiveCfg = Release|Win32
		{0F858453-986A-47F9-BC81-04764F5AA4A4}.Release|x86.Build.0 = Release|Win32
		{0CD2F282-5180-4E90-A585-2C1D5EC55039}.Debug|x64.ActiveCfg = Debug|x64
		{0CD2F282-5180-4E90-A585-2C1D5EC55039}.Debug|x64.Build.0 = Debug|x64
		{0CD2F282-5180-4E90-A585-2C1D5EC55039}.Debug|x86.ActiveCfg = Debug|Win32
		{0CD2F282-5180-4E90-A585-2C1D5EC55039}.Debug|x86.Build.0 = Debug|Win32
		{0CD2F282-5180-4E90-A585-2C1D5EC55039}.Release|x64.ActiveCfg = Release|x64
		{0CD2F282-5180-4E90-A585-2C1D5EC55039}.Release|x64.Build.0 = Release|x64
		{0CD2F282-5180-4E90-A585-2C1D5EC55039}.Release|x86.ActiveCfg = Release|Win32
		{0CD2F282-5180-4E90-A585-2C1D5EC55039}.Release|x86.Build.0 = Release|Win32
		{61A209B8-A61A-4EFB-81F1-860D7F2BF298}.Debug|x64.ActiveCfg = Debug|x64
		{61A209B8-A61A-4EFB-81F1-860D7F2BF298}.Debug|x64.Build.0 = Debug|x64
		{61A209B8-A61A-4EFB-81F1-860D7F2BF298}.Debug|x86.ActiveCfg = Debug|Win32
		{61A209B8-A61A-4EFB-81F1-860D7F2BF298}.Debug|x86.Build.0 = Debug|Win32
		{61A209B8-A61A-4EFB-81F1-860D7F2BF298}.Release|x64.ActiveCfg = Release|x64
		{61A209B8-A61A-4EFB-81F1-860D7F2BF298}.Release|x64.Build.0 = Release|x64
		{61A209B8-A61A-4EFB-81F1-860D7F2BF298}.Release|x86.ActiveCfg = Release|Win32
		{61A209B8-A61A-4EFB-81F1-860D7F2BF298}.Release|x86.Build.0 = Release|Win32
		{D8B4E494-C96F-4B1A-B3D7-2A30630FAF3A}.Debug|x64.ActiveCfg = Debug|x64
		{D8B4E494-C96F-4B1A-B3D7-2A30630FAF3A}.Debug|x64.Build.0 = Debug|x64
		{D8B4E494-C96F-4B1A-B3D7-2A30630FAF3A}.Debug|x86.ActiveCfg = Debug|Win32
		{D8B4E494-C96F-4B1A-B3D7-2A30630FAF3A}.Debug|x86.Build.0 = Debug|Win32
		{D8B4E494-C96F-4B1A-B3D7-2A30630FAF3A}.Release|x64.ActiveCfg = Release|x64
		{D8B4E494-C96F-4B1A-B3D7-2A30630FAF3A}.Release|x64.Build.0 = Release|x64
		{D8B4E494-C96F-4B1A-B3D7-2A30630FAF3A}.Release|x86.ActiveCfg = Release|Win32
		{D8B4E494-C96F-4B1A-B3D7-2A30630FAF3A}.Release|x86.Build.0 = Release|Win32
		{91BCDA72-74C2-40DE-8642-FCFE54F51BAC}.Debug|x64.ActiveCfg = Debug|x64
		{91BCDA72-74C2-40DE-8642-FCFE54F51BAC}.Debug|x64.Build.0 = Debug|x64
		{91BCDA72-74C2-40DE-8642-FCFE54F51BAC}.Debug|x86.ActiveCfg = Debug|Win32
		{91BCDA72-74C2-40DE-8642-FCFE54F51BAC}.Debug|x86.Build.0 = Debug|Win32
		{91BCDA72-74C2-40DE-8642-FCFE54F51BAC}.Release|x64.ActiveCfg = Release|x64
		{91BCDA72-74C2-40DE-8642-FCFE54F51BAC}.Release|x64.Build.0 = Release|x64
		{91BCDA72-74C2-40DE-8642-FCFE54F51BAC}.Release|x86.ActiveCfg = Release|Win32
		{91BCDA72-74C2-40DE-8642-FCFE54F51BAC}.Release|x86.Build.0 = Release|Win32
		{C649F5CC-F4BB-4A8A-909F-142256BAAA29}.Debug|x64.ActiveCfg = Debug|x64
		{C649F5CC-F4BB-4A8A-909F-142256BAAA29}.Debug|x64.Build.0 = Debug|x64
		{C649F5CC-F4BB-4A8A-909F-142256BAAA29}.Debug|x86.ActiveCfg = Debug|Win32
		{C649F5CC-F4BB-4A8A-909F-142256BAAA29}.Debug|x86.Build.0 = Debug|Win32
		{C649F5CC-F4BB-4A8A-909F-142256BAAA29}.Release|x64.ActiveCfg = Release|x64
		{C649F5CC-F4BB-4A8A-909F-142256BAAA29}.Release|x64.Build.0 = Release|x64
		{C649F5CC-F4BB-4A8A-909F-142256BAAA29}.Release|x86.ActiveCfg = Release|Win32
		{C649F5CC-F4BB-4A8A-909F-142256BAAA29}.Release|x86.Build.0 = Release|Win32
		{7ED8602C-BB01-4BCF-90BF-129E0F15F13A}.Debug|x64.ActiveCfg = Debug|x64
		{7ED8602C-BB01-4BCF-90BF-129E0F15F13A}.Debug|x64.Build.0 = Debug|x64
		{7ED8602C-BB01-4BCF-90BF-129E0F15F13A}.Debug|x86.ActiveCfg = Debug|Win32
		{7ED8602C-BB01-4BCF-90BF-129E0F15F13A}.Debug|x86.Build.0 = Debug|Win32
		{7ED8602C-BB01-4BCF-90BF-129E0F15F13A}.Release|x64.ActiveCfg = Release|x64
		{7ED8602C-BB01-4BCF-90BF-129E0F15F13A}.Release|x64.Build.0 = Release|x64
		{7ED8602C-BB01-4BCF-90BF-129E0F15F13A}.Release|x86.ActiveCfg = Release|Win32
		{7ED8602C-BB01-4BCF-90BF-129E0F15F13A}.Release|x86.Build.0 = Release|Win32
		{E6EE28F5-9DD7-4BF0-8597-0B0A0ABEAA75}.Debug|x64.ActiveCfg = Debug|x64
		{E6EE28F5-9DD7-4BF0-8597-0B0A0ABEAA75}.Debug|x64.Build.0 = Debug|x64
		{E6EE28F5-9DD7-4BF0-8597-0B0A0ABEAA75}.Debug|x86.ActiveCfg = Debug|Win32
		{E6EE28F5-9DD7-4BF0-8597-0B0A0ABEAA75}.Debug|x86.Build.0 = Debug|Win32
		{E6EE28F5-9DD7-4BF0-8597-0B0A0ABEAA75}.Release|x64.ActiveCfg = Release|x64
		{E6EE28F5-9DD7-4BF0-8597-0B0A0ABEAA75}.Release|x64.Build.0 = Release|x64
		{E6EE28F5-9DD7-4BF0-8597-0B0A0ABEAA75}.Release|x86.ActiveCfg = Release|Win32
		{E6EE28F5-9DD7-4BF0-8597-0B0A0ABEAA75}.Release|x86.Build.0 = Release|Win32
		{412B14BE-6757-4C74-B64A-5248D9836D9B}.Debug|x64.ActiveCfg = Debug|x64
		{412B14BE-6757-4C74-B64A-5248D9836D9B}.Debug|x64.Build.0 = Debug|x64
		{412B14BE-6757-4C74-B64A-5248D9836D9B}.Debug|x86.ActiveCfg = Debug|Win32
		{412B14BE-6757-4C74-B64A-5248D9836D9B}.Debug|x86.Build.0 = Debug|Win32
		{412B14BE-6757-4C74-B64A-5248D9836D9B}.Release|x64.ActiveCfg = Release|x64
		{412B14BE-6757-4C74-B64A-5248D9836D9B}.Release|x64.Build.0 = Release|x64
		{412B14BE-6757-4C74-B64A-5248D9836D9B}.Release|x86.ActiveCfg = Release|Win32
		{412B14BE-6757-4C74-B64A-5248D9836D9B}.Release|x86.Build.0 = Release|Win32
		{FBA6DA54-1DA1-43B3-80CE-A27E56E7B343}.Debug|x64.ActiveCfg = Debug|x64
		{FBA6DA54-1DA1-43B3-80CE-A27E56E7B343}.Debug|x64.Build.0 = Debug|x64
		{FBA6DA54-1DA1-43B3-80CE-A27E56E7B343}.Debug|x86.ActiveCfg = Debug|Win32
		{FBA6DA54-1DA1-43B3-80CE-A27E56E7B343}.Debug|x86.Build.0 = Debug|Win32
		{FBA6DA54-1DA1-43B3-80CE-A27E56E7B343}.Release|x64.ActiveCfg = Release|x64
		{FBA6DA54-1DA1-43B3-80CE-A27E56E7B343}.Release|x64.Build.0 = Release|x64
		{FBA6DA54-1DA1-43B3-80CE-A27E56E7B343}.Release|x86.ActiveCfg = Release|Win32
		{FBA6DA54-1DA1-43B3-80CE-A27E56E7B343}.Release|x86.Build.0 = Release|Win32
		{73EF8B48-8B56-4431-952C-AFF756774113}.Debug|x64.ActiveCfg = Debug|x64
		{73EF8B48-8B56-4431-952C-AFF756774113}.Debug|x64.Build.0 = Debug|x64
		{73EF8B48-8B56-4431-952C-AFF756774113}.Debug|x86.ActiveCfg = Debug|Win32
		{73EF8B48-8B56-4431-952C-AFF756774113}.Debug|x86.Build.0 = Debug|Win32
		{73EF8B48-8B56-4431-952C-AFF756774113}.Release|x64.ActiveCfg = Release|x64
		{73EF8B48-8B56-4431-952C-AFF756774113}.Release|x64.Build.0 = Release|x64
		{73EF8B48-8B56-4431-952C-AFF756774113}.Release|x86.ActiveCfg = Release|Win32
		{73EF8B48-8B56-4431-952C-AFF756774113}.Release|x86.Build.0 = Release|Win32
		{0151C3EE-9190-4C25-8415-9D49DBDA5CEE}.Debug|x64.ActiveCfg = Debug|x64
		{0151C3EE-9190-4C25-8415-9D49DBDA5CEE}.Debug|x64.Build.0 = Debug|x64
		{0151C3EE-9190-4C25-8415-9D49DBDA5CEE}.Debug|x86.ActiveCfg = Debug|Win32
		{0151C3EE-9190-4C25-8415-9D49DBDA5CEE}.Debug|x86.Build.0 = Debug|Win32
		{0151C3EE-9190-4C25-8415-9D49DBDA5CEE}.Release|x64.ActiveCfg = Release|x64
		{0151C3EE-9190-4C25-8415-9D49DBDA5CEE}.Release|x64.Build.0 = Release|x64
		{0151C3EE-9190-4C25-8415-9D49DBDA5CEE}.Release|x86.ActiveCfg = Release|Win32
		{0151C3EE-9190-4C25-8415-9D49DBDA5CEE}.Release|x86.Build.0 = Release|Win32
		{F07E7D25-C595-4D4A-B380-DFBED790F87F}.Debug|x64.ActiveCfg = Debug|x64
		{F07E7D25-C595-4D4A-B380-DFBED790F87F}.Debug|x64.Build.0 = Debug|x64
		{F07E7D25-C595-4D4A-B380-DFBED790F87F}.Debug|x86.ActiveCfg = Debug|Win32
		{F07E7D25-C595-4D4A-B380-DFBED790F87F}.Debug|x86.Build.0 = Debug|Win32
		{F07E7D25-C595-4D4A-B380-DFBED790F87F}.Release|x64.ActiveCfg = Release|x64
		{F07E7D25-C595-4D4A-B380-DFBED790F87F}.Release|x64.Build.0 = Release|x64
		{F07E7D25-C595-4D4A-B380-DFBED790F87F}.Release|x86.ActiveCfg = Release|Win32
		{F07E7D25-C595-4D4A-B380-DFBED790F87F}.Release|x86.Build.0 = Release|Win32
		{4F7E4869-7A86-40F0-AF61-5E32D1E1D36E}.Debug|x64.ActiveCfg = Debug|x64
		{4F7E4869-7A86-40F0-AF61-5E32D1E1D36E}.Debug|x64.Build.0 = Debug|x64
		{4F7E4869-7A86-40F0-AF61-5E32D1E1D36E}.Debug|x86.ActiveCfg = Debug|Win32
		{4F7E4869-7A86-40F0-AF61-5E32D1E1D36E}.Debug|x86.Build.0 = Debug|Win32
		{4F7E4869-7A86-40F0-AF61-5E32D1E1D36E}.Release|x64.ActiveCfg = Release|x64
		{4F7E4869-7A86-40F0-AF61-5E32D1E1D36E}.Release|x64.Build.0 = Release|x64
		{4F7E4869-7A86-40F0-AF61-5E32D1E1D36E}.Release|x86.ActiveCfg = Release|Win32
		{4F7E4869-7A86-40F0-AF61-5E32D1E1D36E}.Release|x86.Build.0 = Release|Win32
		{CA4C5DA3-6877-4D11-842C-D68A66EA74E0}.Debug|x64.ActiveCfg = Debug|x64
		{CA4C5DA3-6877-4D11-842C-D68A66EA74E0}.Debug|x64.Build.0 = Debug|x64
		{CA4C5DA3-6877-4D11-842C-D68A66EA74E0}.Debug|x86.ActiveCfg = Debug|Win32
		{CA4C5DA3-6877-4D11-842C-D68A66EA74E0}.Debug|x86.Build.0 = Debug|Win32
		{CA4C5DA3-6877-4D11-842C-D68A66EA74E0}.Release|x64.ActiveCfg = Release|x64
		{CA4C5DA3-6877-4D11-842C-D68A66EA74E0}.Release|x64.Build.0 = Release|x64
		{CA4C5DA3-6877-4D11-842C-D68A66EA74E0}.Release|x86.ActiveCfg = Release|Win32
		{CA4C5DA3-6877-4D11-842C-D68A66EA74E0}.Release|x86.Build.0 = Release|Win32
		{8B32FA8D-4E58-4908-94B1-9C990974E1E5}.Debug|x64.ActiveCfg = Debug|x64
		{8B32FA8D-4E58-4908-94B1-9C990974E1E5}.Debug|x64.Build.0 = Debug|x64
		{8B32FA8D-4E58-4908-94B1-9C990974E1E5}.Debug|x86.ActiveCfg = Debug|Win32
		{8B32FA8D-4E58-4908-94B1-9C990974E1E5}.Debug|x86.Build.0 = Debug|Win32
		{8B32FA8D-4E58-4908-94B1-9C990974E1E5}.Release|x64.ActiveCfg = Release|x64
		{8B32FA8D-4E58-4908-94B1-9C990974E1E5}.Release|x64.Build.0 = Release|x64
		{8B32FA8D-4E58-4908-94B1-9C990974E1E5}.Release|x86.ActiveCfg = Release|Win32
		{8B32FA8D-4E58-4908-94B1-9C990974E1E5}.Release|x86.Build.0 = Release|Win32
		{9BFD4ED0-CA7E-487A-BA6B-9054CC164215}.Debug|x64.ActiveCfg = Debug|x64
		{9BFD4ED0-CA7E-487A-BA6B-9054CC164215}.Debug|x64.Build.0 = Debug|x64
		{9BFD4ED0-CA7E-487A-BA6B-9054CC164215}.Debug|x86.ActiveCfg = Debug|Win32
		{9BFD4ED0-CA7E-487A-BA6B-9054CC164215}.Debug|x86.Build.0 = Debug|Win32
		{9BFD4ED0-CA7E-487A-BA6B-9054CC164215}.Release|x64.ActiveCfg = Release|x64
		{9BFD4ED0-CA7E-487A-BA6B-9054CC164215}.Release|x64.Build.0 = Release|x64
		{9BFD4ED0-CA7E-487A-BA6B-9054CC164215}.Release|x86.ActiveCfg = Release|Win32
		{9BFD4ED0-CA7E-487A-BA6B-9054CC164215}.Release|x86.Build.0 = Release|Win32
		{5AFC3822-7A92-4791-AA2C-A124529EB850}.Debug|x64.ActiveCfg = Debug|x64
		{5AFC3822-7A92-4791-AA2C-A124529EB850}.Debug|x64.Build.0 = Debug|x64
		{5AFC3822-7A92-4791-AA2C-A124529EB850}.Debug|x86.ActiveCfg = Debug|Win32
		{5AFC3822-7A92-4791-AA2C-A124529EB850}.Debug|x86.Build.0 = Debug|Win32
		{5AFC3822-7A92-4791-AA2C-A124529EB850}.Release|x64.ActiveCfg = Release|x64
		{5AFC3822-7A92-4791-AA2C-A124529EB850}.Release|x64.Build.0 = Release|x64
		{5AFC3822-7A92-4791-AA2C-A124529EB850}.Release|x86.ActiveCfg = Release|Win32
		{5AFC3822-7A92-4791-AA2C-A124529EB850}.Release|x86.Build.0 = Release|Win32
		{A8DA78E9-2CA2-40BE-9F9F-37434A699949}.Debug|x64.ActiveCfg = Debug|x64
		{A8DA78E9-2CA2-40BE-9F9F-37434A699949}.Debug|x64.Build.0 = Debug|x64
		{A8DA78E9-2CA2-40BE-9F9F-37434A699949}.Debug|x86.ActiveCfg = Debug|Win32
		{A8DA78E9-2CA2-40BE-9F9F-37434A699949}.Debug|x86.Build.0 = Debug|Win32
		{A8DA78E9-2CA2-40BE-9F9F-37434A699949}.Release|x64.ActiveCfg = Release|x64
		{A8DA78E9-2CA2-40BE-9F9F-37434A699949}.Release|x64.Build.0 = Release|x64
		{A8DA78E9-2CA2-40BE-9F9F-37434A699949}.Release|x86.ActiveCfg = Release|Win32
		{A8DA78E9-2CA2-40BE-9F9F-37434A699949}.Release|x86.Build.0 = Release|Win32
		{F0215A06-3F77-4E68-8F62-4545EB9EB68F}.Debug|x64.ActiveCfg = Debug|x64
		{F0215A06-3F77-4E68-8F62-4545EB9EB68F}.Debug|x64.Build.0 = Debug|x64
		{F0215A06-3F77-4E68-8F62-4545EB9EB68F}.Debug|x86.ActiveCfg = Debug|Win32
		{F0215A06-3F77-4E68-8F62-4545EB9EB68F}.Debug|x86.Build.0 = Debug|Win32
		{F0215A06-3F77-4E68-8F62-4545EB9EB68F}.Release|x64.ActiveCfg = Release|x64
		{F0215A06-3F77-4E68-8F62-4545EB9EB68F}.Release|x64.Build.0 = Release|x64
		{F0215A06-3F77-4E68-8F62-4545EB9EB68F}.Release|x86.ActiveCfg = Release|Win32
		{F0215A06-3F77-4E68-8F62-4545EB9EB68F}.Release|x86.Build.0 = Release|Win32
		{A76E0431-E33B-494B-9818-3A42C1D0C1E7}.Debug|x64.ActiveCfg = Debug|x64
		{A76E0431-E33B-494B-9818-3A42C1D0C1E7}.Debug|x64.Build.0 = Debug|x64
		{A76E0431-E33B-494B-9818-3A42C1D0C1E7}.Debug|x86.ActiveCfg = Debug|Win32
		{A76E0431-E33B-494B-9818-3A42C1D0C1E7}.Debug|x86.Build.0 = Debug|Win32
		{A76E0431-E33B-494B-9818-3A42C1D0C1E7}.Release|x64.ActiveCfg = Release|x64
		{A76E0431-E33B-494B-9818-3A42C1D0C1E7}.Release|x64.Build.0 = Release|x64
		{A76E0431-E33B-494B-9818-3A42C1D0C1E7}.Release|x86.ActiveCfg = Release|Win32
		{A76E0431-E33B-494B-9818-3A42C1D0C1E7}.Release|x86.Build.0 = Release|Win32
		{847AB00B-E160-4656-A43F-B7AC31FD4360}.Debug|x64.ActiveCfg = Debug|x64
		{847AB00B-E160-4656-A43F-B7AC31FD4360}.Debug|x64.Build.0 = Debug|x64
		{847AB00B-E160-4656-A43F-B7AC31FD4360}.Debug|x86.ActiveCfg = Debug|Win32
		{847AB00B-E160-4656-A43F-B7AC31FD4360}.Debug|x86.Build.0 = Debug|Win32
		{847AB00B-E160-4656-A43F-B7AC31FD4360}.Release|x64.ActiveCfg = Release|x64
		{847AB00B-E160-4656-A43F-B7AC31FD4360}.Release|x64.Build.0 = Release|x64
		{847AB00B-E160-4656-A43F-B7AC31FD4360}.Release|x86.ActiveCfg = Release|Win32
		{847AB00B-E160-4656-A43F-B7AC31FD4360}.Release|x86.Build.0 = Release|Win32
		{3A3ACB0C-19E4-4A15-A64E-3CB024C4461F}.Debug|x64.ActiveCfg = Debug|x64
		{3A3ACB0C-19E4-4A15-A64E-3CB024C4461F}.Debug|x64.Build.0 = Debug|x64
		{3A3ACB0C-19E4-4A15-A64E-3CB024C4461F}.Debug|x86.ActiveCfg = Debug|Win32
		{3A3ACB0C-19E4-4A15-A64E-3CB024C4461F}.Debug|x86.Build.0 = Debug|Win32
		{3A3ACB0C-19E4-4A15-A64E-3CB024C4461F}.Release|x64.ActiveCfg = Release|x64
		{3A3ACB0C-19E4-4A15-A64E-3CB024C4461F}.Release|x64.Build.0 = Release|x64
		{3A3ACB0C-19E4-4A15-A64E-3CB024C4461F}.Release|x86.ActiveCfg = Release|Win32
		{3A3ACB0C-19E4-4A15-A64E-3CB024C4461F}.Release|x86.Build.0 = Release|Win32
		{F585E1B3-B744-4249-897F-00B535994A22}.Debug|x64.ActiveCfg = Debug|x64
		{F585E1B3-B744-4249-897F-00B535994A22}.Debug|x64.Build.0 = Debug|x64
		{F585E1B3-B744-4249-897F-00B535994A22}.Debug|x86.ActiveCfg = Debug|Win32
		{F585E1B3-B744-4249-897F-00B535994A22}.Debug|x86.Build.0 = Debug|Win32
		{F585E1B3-B744-4249-897F-00B535994A22}.Release|x64.ActiveCfg = Release|x64
		{F585E1B3-B744-4249-897F-00B535994A22}.Release|x64.Build.0 = Release|x64
		{F585E1B3-B744-4249-897F-00B535994A22}.Release|x86.ActiveCfg = Release|Win32
		{F585E1B3-B744-4249-897F-00B535994A22}.Release|x86.Build.0 = Release|Win32
		{C797E34A-4332-4525-B259-58A6AB42EBF6}.Debug|x64.ActiveCfg = Debug|x64
		{C797E34A-4332-4525-B259-58A6AB42EBF6}.Debug|x64.Build.0 = Debug|x64
		{C797E34A-4332-4525-B259-58A6AB42EBF6}.Debug|x86.ActiveCfg = Debug|Win32
		{C797E34A-4332-4525-B259-58A6AB42EBF6}.Debug|x86.Build.0 = Debug|Win32
		{C797E34A-4332-4525-B259-58A6AB42EBF6}.Release|x64.ActiveCfg = Release|x64
		{C797E34A-4332-4525-B259-58A6AB42EBF6}.Release|x64.Build.0 = Release|x64
		{C797E34A-4332-4525-B259-58A6AB42EBF6}.Release|x86.ActiveCfg = Release|Win32
		{C797E34A-4332-4525-B259-58A6AB42EBF6}.Release|x86.Build.0 = Release|Win32
		{B208E8DB-B480-445F-BDAA-B03F2252EFFA}.Debug|x64.ActiveCfg = Debug|x64
		{B208E8DB-B480-445F-BDAA-B03F2252EFFA}.Debug|x64.Build.0 = Debug|x64
		{B208E8DB-B480-445F-BDAA-B03F2252EFFA}.Debug|x86.ActiveCfg = Debug|Win32
		{B208E8DB-B480-445F-BDAA-B03F2252EFFA}.Debug|x86.Build.0 = Debug|Win32
		{B208E8DB-B480-445F-BDAA-B03F2252EFFA}.Release|x64.ActiveCfg = Release|x64
		{B208E8DB-B480-445F-BDAA-B03F2252EFFA}.Release|x64.Build.0 = Release|x64
		{B208E8DB-B480-445F-BDAA-B03F2252EFFA}.Release|x86.ActiveCfg = Release|Win32
		{B208E8DB-B480-445F-BDAA-B03F2252EFFA}.Release|x86.Build.0 = Release|Win32
	EndGlobalSection
	GlobalSection(SolutionProperties) = preSolution
		HideSolutionNode = FALSE
	EndGlobalSection
	GlobalSection(ExtensibilityGlobals) = postSolution
		SolutionGuid = {D05B4C9F-0F7D-4BDC-A9C6-DC01ECDE5D34}
	EndGlobalSection
EndGlobal
